
Microsoft Visual Studio Solution File, Format Version 12.00
# Visual Studio 15
Project("{FAE04EC0-301F-11D3-BF4B-00C04F79EFBC}") = "Stack", "Stack\Stack.csproj", "{591F5258-BB02-42D2-AA7D-33B0B512ABAC}"
EndProject
Project("{FAE04EC0-301F-11D3-BF4B-00C04F79EFBC}") = "Queue", "Queue\Queue.csproj", "{013EE7B3-4926-4D9C-AA92-98BA0E75F78B}"
EndProject
Project("{FAE04EC0-301F-11D3-BF4B-00C04F79EFBC}") = "InsertionSort", "SortingAnArray\InsertionSort.csproj", "{A1AD9C8F-DC19-42C1-88E5-3FE2F8577AD1}"
EndProject
Project("{FAE04EC0-301F-11D3-BF4B-00C04F79EFBC}") = "MergeSort", "MergeSort\MergeSort.csproj", "{0E385DE0-78BB-4321-ACC0-DC4720C61770}"
EndProject
Project("{FAE04EC0-301F-11D3-BF4B-00C04F79EFBC}") = "SelectionSort", "SelectionSort\SelectionSort.csproj", "{8CCC6387-700B-4779-A38B-EB74EB938C56}"
EndProject
Project("{FAE04EC0-301F-11D3-BF4B-00C04F79EFBC}") = "HeapSort", "HeapSort\HeapSort.csproj", "{3849CA7A-0C9D-4FBC-BA9E-9C70D7A108AC}"
EndProject
Project("{2150E333-8FDC-42A3-9474-1A3956D46DE8}") = "Structures", "Structures", "{ECA0B2E2-EE0D-4661-B670-F34DC6035BF4}"
EndProject
Project("{2150E333-8FDC-42A3-9474-1A3956D46DE8}") = "Sorting", "Sorting", "{B24D6792-87BE-486E-80CC-8905C01FCAB7}"
EndProject
Project("{FAE04EC0-301F-11D3-BF4B-00C04F79EFBC}") = "Graph", "Graph\Graph.csproj", "{E5E66CC4-70C7-4223-A376-C52E4689CA75}"
EndProject
Project("{FAE04EC0-301F-11D3-BF4B-00C04F79EFBC}") = "QuickSort", "QuickSort\QuickSort.csproj", "{F0DF8DE7-312A-47F8-80FD-EC088EDC694C}"
EndProject
Project("{FAE04EC0-301F-11D3-BF4B-00C04F79EFBC}") = "GraphTraversal", "GraphTraversal\GraphTraversal.csproj", "{81F3D6FD-B80D-413D-86C7-29E7855776C6}"
EndProject
Project("{FAE04EC0-301F-11D3-BF4B-00C04F79EFBC}") = "DepthFirstSearch", "DepthFirstSearch\DepthFirstSearch.csproj", "{92C87DDE-D7F4-4F74-8E24-97394C6E3BB6}"
EndProject
Global
	GlobalSection(SolutionConfigurationPlatforms) = preSolution
		Debug|Any CPU = Debug|Any CPU
		Release|Any CPU = Release|Any CPU
	EndGlobalSection
	GlobalSection(ProjectConfigurationPlatforms) = postSolution
		{591F5258-BB02-42D2-AA7D-33B0B512ABAC}.Debug|Any CPU.ActiveCfg = Debug|Any CPU
		{591F5258-BB02-42D2-AA7D-33B0B512ABAC}.Debug|Any CPU.Build.0 = Debug|Any CPU
		{591F5258-BB02-42D2-AA7D-33B0B512ABAC}.Release|Any CPU.ActiveCfg = Release|Any CPU
		{591F5258-BB02-42D2-AA7D-33B0B512ABAC}.Release|Any CPU.Build.0 = Release|Any CPU
		{013EE7B3-4926-4D9C-AA92-98BA0E75F78B}.Debug|Any CPU.ActiveCfg = Debug|Any CPU
		{013EE7B3-4926-4D9C-AA92-98BA0E75F78B}.Debug|Any CPU.Build.0 = Debug|Any CPU
		{013EE7B3-4926-4D9C-AA92-98BA0E75F78B}.Release|Any CPU.ActiveCfg = Release|Any CPU
		{013EE7B3-4926-4D9C-AA92-98BA0E75F78B}.Release|Any CPU.Build.0 = Release|Any CPU
		{A1AD9C8F-DC19-42C1-88E5-3FE2F8577AD1}.Debug|Any CPU.ActiveCfg = Debug|Any CPU
		{A1AD9C8F-DC19-42C1-88E5-3FE2F8577AD1}.Debug|Any CPU.Build.0 = Debug|Any CPU
		{A1AD9C8F-DC19-42C1-88E5-3FE2F8577AD1}.Release|Any CPU.ActiveCfg = Release|Any CPU
		{A1AD9C8F-DC19-42C1-88E5-3FE2F8577AD1}.Release|Any CPU.Build.0 = Release|Any CPU
		{0E385DE0-78BB-4321-ACC0-DC4720C61770}.Debug|Any CPU.ActiveCfg = Debug|Any CPU
		{0E385DE0-78BB-4321-ACC0-DC4720C61770}.Debug|Any CPU.Build.0 = Debug|Any CPU
		{0E385DE0-78BB-4321-ACC0-DC4720C61770}.Release|Any CPU.ActiveCfg = Release|Any CPU
		{0E385DE0-78BB-4321-ACC0-DC4720C61770}.Release|Any CPU.Build.0 = Release|Any CPU
		{8CCC6387-700B-4779-A38B-EB74EB938C56}.Debug|Any CPU.ActiveCfg = Debug|Any CPU
		{8CCC6387-700B-4779-A38B-EB74EB938C56}.Debug|Any CPU.Build.0 = Debug|Any CPU
		{8CCC6387-700B-4779-A38B-EB74EB938C56}.Release|Any CPU.ActiveCfg = Release|Any CPU
		{8CCC6387-700B-4779-A38B-EB74EB938C56}.Release|Any CPU.Build.0 = Release|Any CPU
		{3849CA7A-0C9D-4FBC-BA9E-9C70D7A108AC}.Debug|Any CPU.ActiveCfg = Debug|Any CPU
		{3849CA7A-0C9D-4FBC-BA9E-9C70D7A108AC}.Debug|Any CPU.Build.0 = Debug|Any CPU
		{3849CA7A-0C9D-4FBC-BA9E-9C70D7A108AC}.Release|Any CPU.ActiveCfg = Release|Any CPU
		{3849CA7A-0C9D-4FBC-BA9E-9C70D7A108AC}.Release|Any CPU.Build.0 = Release|Any CPU
		{E5E66CC4-70C7-4223-A376-C52E4689CA75}.Debug|Any CPU.ActiveCfg = Debug|Any CPU
		{E5E66CC4-70C7-4223-A376-C52E4689CA75}.Debug|Any CPU.Build.0 = Debug|Any CPU
		{E5E66CC4-70C7-4223-A376-C52E4689CA75}.Release|Any CPU.ActiveCfg = Release|Any CPU
		{E5E66CC4-70C7-4223-A376-C52E4689CA75}.Release|Any CPU.Build.0 = Release|Any CPU
		{F0DF8DE7-312A-47F8-80FD-EC088EDC694C}.Debug|Any CPU.ActiveCfg = Debug|Any CPU
		{F0DF8DE7-312A-47F8-80FD-EC088EDC694C}.Debug|Any CPU.Build.0 = Debug|Any CPU
		{F0DF8DE7-312A-47F8-80FD-EC088EDC694C}.Release|Any CPU.ActiveCfg = Release|Any CPU
		{F0DF8DE7-312A-47F8-80FD-EC088EDC694C}.Release|Any CPU.Build.0 = Release|Any CPU
		{81F3D6FD-B80D-413D-86C7-29E7855776C6}.Debug|Any CPU.ActiveCfg = Debug|Any CPU
		{81F3D6FD-B80D-413D-86C7-29E7855776C6}.Debug|Any CPU.Build.0 = Debug|Any CPU
		{81F3D6FD-B80D-413D-86C7-29E7855776C6}.Release|Any CPU.ActiveCfg = Release|Any CPU
		{81F3D6FD-B80D-413D-86C7-29E7855776C6}.Release|Any CPU.Build.0 = Release|Any CPU
		{92C87DDE-D7F4-4F74-8E24-97394C6E3BB6}.Debug|Any CPU.ActiveCfg = Debug|Any CPU
		{92C87DDE-D7F4-4F74-8E24-97394C6E3BB6}.Debug|Any CPU.Build.0 = Debug|Any CPU
		{92C87DDE-D7F4-4F74-8E24-97394C6E3BB6}.Release|Any CPU.ActiveCfg = Release|Any CPU
		{92C87DDE-D7F4-4F74-8E24-97394C6E3BB6}.Release|Any CPU.Build.0 = Release|Any CPU
	EndGlobalSection
	GlobalSection(NestedProjects) = preSolution
		{3849CA7A-0C9D-4FBC-BA9E-9C70D7A108AC} = {B24D6792-87BE-486E-80CC-8905C01FCAB7}
		{A1AD9C8F-DC19-42C1-88E5-3FE2F8577AD1} = {B24D6792-87BE-486E-80CC-8905C01FCAB7}
		{0E385DE0-78BB-4321-ACC0-DC4720C61770} = {B24D6792-87BE-486E-80CC-8905C01FCAB7}
		{013EE7B3-4926-4D9C-AA92-98BA0E75F78B} = {ECA0B2E2-EE0D-4661-B670-F34DC6035BF4}
		{8CCC6387-700B-4779-A38B-EB74EB938C56} = {B24D6792-87BE-486E-80CC-8905C01FCAB7}
		{591F5258-BB02-42D2-AA7D-33B0B512ABAC} = {ECA0B2E2-EE0D-4661-B670-F34DC6035BF4}
		{E5E66CC4-70C7-4223-A376-C52E4689CA75} = {ECA0B2E2-EE0D-4661-B670-F34DC6035BF4}
		{F0DF8DE7-312A-47F8-80FD-EC088EDC694C} = {B24D6792-87BE-486E-80CC-8905C01FCAB7}
		{81F3D6FD-B80D-413D-86C7-29E7855776C6} = {ECA0B2E2-EE0D-4661-B670-F34DC6035BF4}
		{92C87DDE-D7F4-4F74-8E24-97394C6E3BB6} = {B24D6792-87BE-486E-80CC-8905C01FCAB7}
	EndGlobalSection
EndGlobal
